// !$*UTF8*$!
{
	archiveVersion = 1;
	classes = {
	};
	objectVersion = 56;
	objects = {

/* Begin PBXBuildFile section */
		58679F052B3EF9BF005C6A4F /* 08_02.cpp in Sources */ = {isa = PBXBuildFile; fileRef = 58679F042B3EF9BF005C6A4F /* 08_02.cpp */; };
/* End PBXBuildFile section */

/* Begin PBXCopyFilesBuildPhase section */
		5841182F2AE0FBE6007DC1F6 /* CopyFiles */ = {
			isa = PBXCopyFilesBuildPhase;
			buildActionMask = 2147483647;
			dstPath = /usr/share/man/man1/;
			dstSubfolderSpec = 0;
			files = (
			);
			runOnlyForDeploymentPostprocessing = 1;
		};
/* End PBXCopyFilesBuildPhase section */

/* Begin PBXFileReference section */
		5825BFDD2B15735800E1EC0B /* 05_01.cpp */ = {isa = PBXFileReference; lastKnownFileType = sourcecode.cpp.cpp; path = 05_01.cpp; sourceTree = "<group>"; };
		5825BFDF2B157A6B00E1EC0B /* 05_02.cpp */ = {isa = PBXFileReference; lastKnownFileType = sourcecode.cpp.cpp; path = 05_02.cpp; sourceTree = "<group>"; };
		582DFEDC2AE2ECF4004B7314 /* 03_05.cpp */ = {isa = PBXFileReference; lastKnownFileType = sourcecode.cpp.cpp; path = 03_05.cpp; sourceTree = "<group>"; };
		584118312AE0FBE6007DC1F6 /* CPP_LudashiHomework */ = {isa = PBXFileReference; explicitFileType = "compiled.mach-o.executable"; includeInIndex = 0; path = CPP_LudashiHomework; sourceTree = BUILT_PRODUCTS_DIR; };
		5841183D2AE0FC60007DC1F6 /* Runnianjisuan.cpp */ = {isa = PBXFileReference; lastKnownFileType = sourcecode.cpp.cpp; path = Runnianjisuan.cpp; sourceTree = "<group>"; };
		5841183F2AE0FDDE007DC1F6 /* OpenJudge1000.cpp */ = {isa = PBXFileReference; lastKnownFileType = sourcecode.cpp.cpp; path = OpenJudge1000.cpp; sourceTree = "<group>"; };
		584BC0A42B1C4549003632B2 /* 05_05.cpp */ = {isa = PBXFileReference; lastKnownFileType = sourcecode.cpp.cpp; path = 05_05.cpp; sourceTree = "<group>"; };
		5855E9102AFCC93700831765 /* OpenJudge2739.cpp */ = {isa = PBXFileReference; lastKnownFileType = sourcecode.cpp.cpp; path = OpenJudge2739.cpp; sourceTree = "<group>"; };
		5855E9152AFCE4E200831765 /* OpenJudge2715.cpp */ = {isa = PBXFileReference; lastKnownFileType = sourcecode.cpp.cpp; path = OpenJudge2715.cpp; sourceTree = "<group>"; };
		5855E9182AFDCA6300831765 /* OpenJudge2746.cpp */ = {isa = PBXFileReference; lastKnownFileType = sourcecode.cpp.cpp; path = OpenJudge2746.cpp; sourceTree = "<group>"; };
		5855E91A2AFDCA8F00831765 /* OpenJudge2689.cpp */ = {isa = PBXFileReference; lastKnownFileType = sourcecode.cpp.cpp; path = OpenJudge2689.cpp; sourceTree = "<group>"; };
		5855E91C2AFDD2BF00831765 /* OpenJudge2754.cpp */ = {isa = PBXFileReference; lastKnownFileType = sourcecode.cpp.cpp; path = OpenJudge2754.cpp; sourceTree = "<group>"; };
		5855E91E2AFDD8FA00831765 /* OpenJudge2754-1.cpp */ = {isa = PBXFileReference; lastKnownFileType = sourcecode.cpp.cpp; path = "OpenJudge2754-1.cpp"; sourceTree = "<group>"; };
		5855E9202AFDDAE500831765 /* OpenJudge2715-1.cpp */ = {isa = PBXFileReference; lastKnownFileType = sourcecode.cpp.cpp; path = "OpenJudge2715-1.cpp"; sourceTree = "<group>"; };
		585EA5CB2AF4A7DF00A3645C /* OpenJudge2753-1.cpp */ = {isa = PBXFileReference; lastKnownFileType = sourcecode.cpp.cpp; path = "OpenJudge2753-1.cpp"; sourceTree = "<group>"; };
		58679F022B3EF62B005C6A4F /* 08_01.cpp */ = {isa = PBXFileReference; lastKnownFileType = sourcecode.cpp.cpp; path = 08_01.cpp; sourceTree = "<group>"; };
		58679F042B3EF9BF005C6A4F /* 08_02.cpp */ = {isa = PBXFileReference; lastKnownFileType = sourcecode.cpp.cpp; path = 08_02.cpp; sourceTree = "<group>"; };
		5869EEEE2AE39BCE00A4A297 /* 03_06.cpp */ = {isa = PBXFileReference; lastKnownFileType = sourcecode.cpp.cpp; path = 03_06.cpp; sourceTree = "<group>"; };
		586B140C2B15B33D000CC57D /* 05_03.cpp */ = {isa = PBXFileReference; lastKnownFileType = sourcecode.cpp.cpp; path = 05_03.cpp; sourceTree = "<group>"; };
		586F5D3A2B16FF2D002EE9BD /* 05_04.cpp */ = {isa = PBXFileReference; lastKnownFileType = sourcecode.cpp.cpp; path = 05_04.cpp; sourceTree = "<group>"; };
		587A162A2AF48D800035BC8B /* OpenJudge4147.cpp */ = {isa = PBXFileReference; lastKnownFileType = sourcecode.cpp.cpp; path = OpenJudge4147.cpp; sourceTree = "<group>"; };
		587CE46A2AE21E0200EC8B49 /* 03_01.cpp */ = {isa = PBXFileReference; lastKnownFileType = sourcecode.cpp.cpp; path = 03_01.cpp; sourceTree = "<group>"; };
		587CE46C2AE2223A00EC8B49 /* 03_02.cpp */ = {isa = PBXFileReference; lastKnownFileType = sourcecode.cpp.cpp; path = 03_02.cpp; sourceTree = "<group>"; };
		587CE46E2AE226D700EC8B49 /* 03_03.cpp */ = {isa = PBXFileReference; lastKnownFileType = sourcecode.cpp.cpp; path = 03_03.cpp; sourceTree = "<group>"; };
		587CE4702AE22A7500EC8B49 /* 03_04.cpp */ = {isa = PBXFileReference; lastKnownFileType = sourcecode.cpp.cpp; path = 03_04.cpp; sourceTree = "<group>"; };
		588937E12AF4940A00917A71 /* OpenJudge2753.cpp */ = {isa = PBXFileReference; lastKnownFileType = sourcecode.cpp.cpp; path = OpenJudge2753.cpp; sourceTree = "<group>"; };
		58F8EB332AE66DBF00B6387A /* 03_07.cpp */ = {isa = PBXFileReference; lastKnownFileType = sourcecode.cpp.cpp; path = 03_07.cpp; sourceTree = "<group>"; };
/* End PBXFileReference section */

/* Begin PBXFrameworksBuildPhase section */
		5841182E2AE0FBE6007DC1F6 /* Frameworks */ = {
			isa = PBXFrameworksBuildPhase;
			buildActionMask = 2147483647;
			files = (
			);
			runOnlyForDeploymentPostprocessing = 0;
		};
/* End PBXFrameworksBuildPhase section */

/* Begin PBXGroup section */
		584118282AE0FBE6007DC1F6 = {
			isa = PBXGroup;
			children = (
				584118332AE0FBE6007DC1F6 /* CPP_LudashiHomework */,
				584118322AE0FBE6007DC1F6 /* Products */,
			);
			sourceTree = "<group>";
		};
		584118322AE0FBE6007DC1F6 /* Products */ = {
			isa = PBXGroup;
			children = (
				584118312AE0FBE6007DC1F6 /* CPP_LudashiHomework */,
			);
			name = Products;
			sourceTree = "<group>";
		};
		584118332AE0FBE6007DC1F6 /* CPP_LudashiHomework */ = {
			isa = PBXGroup;
			children = (
				5841183D2AE0FC60007DC1F6 /* Runnianjisuan.cpp */,
				5841183F2AE0FDDE007DC1F6 /* OpenJudge1000.cpp */,
				587CE46A2AE21E0200EC8B49 /* 03_01.cpp */,
				587CE46C2AE2223A00EC8B49 /* 03_02.cpp */,
				587CE46E2AE226D700EC8B49 /* 03_03.cpp */,
				587CE4702AE22A7500EC8B49 /* 03_04.cpp */,
				582DFEDC2AE2ECF4004B7314 /* 03_05.cpp */,
				5869EEEE2AE39BCE00A4A297 /* 03_06.cpp */,
				58F8EB332AE66DBF00B6387A /* 03_07.cpp */,
				587A162A2AF48D800035BC8B /* OpenJudge4147.cpp */,
				588937E12AF4940A00917A71 /* OpenJudge2753.cpp */,
				585EA5CB2AF4A7DF00A3645C /* OpenJudge2753-1.cpp */,
				5855E9102AFCC93700831765 /* OpenJudge2739.cpp */,
				5855E9152AFCE4E200831765 /* OpenJudge2715.cpp */,
				5855E9202AFDDAE500831765 /* OpenJudge2715-1.cpp */,
				5855E91A2AFDCA8F00831765 /* OpenJudge2689.cpp */,
				5855E9182AFDCA6300831765 /* OpenJudge2746.cpp */,
				5855E91C2AFDD2BF00831765 /* OpenJudge2754.cpp */,
				5855E91E2AFDD8FA00831765 /* OpenJudge2754-1.cpp */,
				5825BFDD2B15735800E1EC0B /* 05_01.cpp */,
				5825BFDF2B157A6B00E1EC0B /* 05_02.cpp */,
				586B140C2B15B33D000CC57D /* 05_03.cpp */,
				586F5D3A2B16FF2D002EE9BD /* 05_04.cpp */,
				584BC0A42B1C4549003632B2 /* 05_05.cpp */,
				58679F022B3EF62B005C6A4F /* 08_01.cpp */,
				58679F042B3EF9BF005C6A4F /* 08_02.cpp */,
			);
			path = CPP_LudashiHomework;
			sourceTree = "<group>";
		};
/* End PBXGroup section */

/* Begin PBXNativeTarget section */
		584118302AE0FBE6007DC1F6 /* CPP_LudashiHomework */ = {
			isa = PBXNativeTarget;
			buildConfigurationList = 584118382AE0FBE6007DC1F6 /* Build configuration list for PBXNativeTarget "CPP_LudashiHomework" */;
			buildPhases = (
				5841182D2AE0FBE6007DC1F6 /* Sources */,
				5841182E2AE0FBE6007DC1F6 /* Frameworks */,
				5841182F2AE0FBE6007DC1F6 /* CopyFiles */,
			);
			buildRules = (
			);
			dependencies = (
			);
			name = CPP_LudashiHomework;
			productName = CPP_LudashiHomework;
			productReference = 584118312AE0FBE6007DC1F6 /* CPP_LudashiHomework */;
			productType = "com.apple.product-type.tool";
		};
/* End PBXNativeTarget section */

/* Begin PBXProject section */
		584118292AE0FBE6007DC1F6 /* Project object */ = {
			isa = PBXProject;
			attributes = {
				BuildIndependentTargetsInParallel = 1;
				LastUpgradeCheck = 1500;
				TargetAttributes = {
					584118302AE0FBE6007DC1F6 = {
						CreatedOnToolsVersion = 15.0;
					};
				};
			};
			buildConfigurationList = 5841182C2AE0FBE6007DC1F6 /* Build configuration list for PBXProject "CPP_LudashiHomework" */;
			compatibilityVersion = "Xcode 14.0";
			developmentRegion = en;
			hasScannedForEncodings = 0;
			knownRegions = (
				en,
				Base,
			);
			mainGroup = 584118282AE0FBE6007DC1F6;
			productRefGroup = 584118322AE0FBE6007DC1F6 /* Products */;
			projectDirPath = "";
			projectRoot = "";
			targets = (
				584118302AE0FBE6007DC1F6 /* CPP_LudashiHomework */,
			);
		};
/* End PBXProject section */

/* Begin PBXSourcesBuildPhase section */
		5841182D2AE0FBE6007DC1F6 /* Sources */ = {
			isa = PBXSourcesBuildPhase;
			buildActionMask = 2147483647;
			files = (
				58679F052B3EF9BF005C6A4F /* 08_02.cpp in Sources */,
			);
			runOnlyForDeploymentPostprocessing = 0;
		};
/* End PBXSourcesBuildPhase section */

/* Begin XCBuildConfiguration section */
		584118362AE0FBE6007DC1F6 /* Debug */ = {
			isa = XCBuildConfiguration;
			buildSettings = {
				ALWAYS_SEARCH_USER_PATHS = NO;
				ASSETCATALOG_COMPILER_GENERATE_SWIFT_ASSET_SYMBOL_EXTENSIONS = YES;
				CLANG_ANALYZER_NONNULL = YES;
				CLANG_ANALYZER_NUMBER_OBJECT_CONVERSION = YES_AGGRESSIVE;
				CLANG_CXX_LANGUAGE_STANDARD = "gnu++20";
				CLANG_ENABLE_MODULES = YES;
				CLANG_ENABLE_OBJC_ARC = YES;
				CLANG_ENABLE_OBJC_WEAK = YES;
				CLANG_WARN_BLOCK_CAPTURE_AUTORELEASING = YES;
				CLANG_WARN_BOOL_CONVERSION = YES;
				CLANG_WARN_COMMA = YES;
				CLANG_WARN_CONSTANT_CONVERSION = YES;
				CLANG_WARN_DEPRECATED_OBJC_IMPLEMENTATIONS = YES;
				CLANG_WARN_DIRECT_OBJC_ISA_USAGE = YES_ERROR;
				CLANG_WARN_DOCUMENTATION_COMMENTS = YES;
				CLANG_WARN_EMPTY_BODY = YES;
				CLANG_WARN_ENUM_CONVERSION = YES;
				CLANG_WARN_INFINITE_RECURSION = YES;
				CLANG_WARN_INT_CONVERSION = YES;
				CLANG_WARN_NON_LITERAL_NULL_CONVERSION = YES;
				CLANG_WARN_OBJC_IMPLICIT_RETAIN_SELF = YES;
				CLANG_WARN_OBJC_LITERAL_CONVERSION = YES;
				CLANG_WARN_OBJC_ROOT_CLASS = YES_ERROR;
				CLANG_WARN_QUOTED_INCLUDE_IN_FRAMEWORK_HEADER = YES;
				CLANG_WARN_RANGE_LOOP_ANALYSIS = YES;
				CLANG_WARN_STRICT_PROTOTYPES = YES;
				CLANG_WARN_SUSPICIOUS_MOVE = YES;
				CLANG_WARN_UNGUARDED_AVAILABILITY = YES_AGGRESSIVE;
				CLANG_WARN_UNREACHABLE_CODE = YES;
				CLANG_WARN__DUPLICATE_METHOD_MATCH = YES;
				COPY_PHASE_STRIP = NO;
				DEBUG_INFORMATION_FORMAT = dwarf;
				ENABLE_STRICT_OBJC_MSGSEND = YES;
				ENABLE_TESTABILITY = YES;
				ENABLE_USER_SCRIPT_SANDBOXING = YES;
				GCC_C_LANGUAGE_STANDARD = gnu17;
				GCC_DYNAMIC_NO_PIC = NO;
				GCC_NO_COMMON_BLOCKS = YES;
				GCC_OPTIMIZATION_LEVEL = 0;
				GCC_PREPROCESSOR_DEFINITIONS = (
					"DEBUG=1",
					"$(inherited)",
				);
				GCC_WARN_64_TO_32_BIT_CONVERSION = YES;
				GCC_WARN_ABOUT_RETURN_TYPE = YES_ERROR;
				GCC_WARN_UNDECLARED_SELECTOR = YES;
				GCC_WARN_UNINITIALIZED_AUTOS = YES_AGGRESSIVE;
				GCC_WARN_UNUSED_FUNCTION = YES;
				GCC_WARN_UNUSED_VARIABLE = YES;
				LOCALIZATION_PREFERS_STRING_CATALOGS = YES;
				MACOSX_DEPLOYMENT_TARGET = 13.5;
				MTL_ENABLE_DEBUG_INFO = INCLUDE_SOURCE;
				MTL_FAST_MATH = YES;
				ONLY_ACTIVE_ARCH = YES;
				SDKROOT = macosx;
			};
			name = Debug;
		};
		584118372AE0FBE6007DC1F6 /* Release */ = {
			isa = XCBuildConfiguration;
			buildSettings = {
				ALWAYS_SEARCH_USER_PATHS = NO;
				ASSETCATALOG_COMPILER_GENERATE_SWIFT_ASSET_SYMBOL_EXTENSIONS = YES;
				CLANG_ANALYZER_NONNULL = YES;
				CLANG_ANALYZER_NUMBER_OBJECT_CONVERSION = YES_AGGRESSIVE;
				CLANG_CXX_LANGUAGE_STANDARD = "gnu++20";
				CLANG_ENABLE_MODULES = YES;
				CLANG_ENABLE_OBJC_ARC = YES;
				CLANG_ENABLE_OBJC_WEAK = YES;
				CLANG_WARN_BLOCK_CAPTURE_AUTORELEASING = YES;
				CLANG_WARN_BOOL_CONVERSION = YES;
				CLANG_WARN_COMMA = YES;
				CLANG_WARN_CONSTANT_CONVERSION = YES;
				CLANG_WARN_DEPRECATED_OBJC_IMPLEMENTATIONS = YES;
				CLANG_WARN_DIRECT_OBJC_ISA_USAGE = YES_ERROR;
				CLANG_WARN_DOCUMENTATION_COMMENTS = YES;
				CLANG_WARN_EMPTY_BODY = YES;
				CLANG_WARN_ENUM_CONVERSION = YES;
				CLANG_WARN_INFINITE_RECURSION = YES;
				CLANG_WARN_INT_CONVERSION = YES;
				CLANG_WARN_NON_LITERAL_NULL_CONVERSION = YES;
				CLANG_WARN_OBJC_IMPLICIT_RETAIN_SELF = YES;
				CLANG_WARN_OBJC_LITERAL_CONVERSION = YES;
				CLANG_WARN_OBJC_ROOT_CLASS = YES_ERROR;
				CLANG_WARN_QUOTED_INCLUDE_IN_FRAMEWORK_HEADER = YES;
				CLANG_WARN_RANGE_LOOP_ANALYSIS = YES;
				CLANG_WARN_STRICT_PROTOTYPES = YES;
				CLANG_WARN_SUSPICIOUS_MOVE = YES;
				CLANG_WARN_UNGUARDED_AVAILABILITY = YES_AGGRESSIVE;
				CLANG_WARN_UNREACHABLE_CODE = YES;
				CLANG_WARN__DUPLICATE_METHOD_MATCH = YES;
				COPY_PHASE_STRIP = NO;
				DEBUG_INFORMATION_FORMAT = "dwarf-with-dsym";
				ENABLE_NS_ASSERTIONS = NO;
				ENABLE_STRICT_OBJC_MSGSEND = YES;
				ENABLE_USER_SCRIPT_SANDBOXING = YES;
				GCC_C_LANGUAGE_STANDARD = gnu17;
				GCC_NO_COMMON_BLOCKS = YES;
				GCC_WARN_64_TO_32_BIT_CONVERSION = YES;
				GCC_WARN_ABOUT_RETURN_TYPE = YES_ERROR;
				GCC_WARN_UNDECLARED_SELECTOR = YES;
				GCC_WARN_UNINITIALIZED_AUTOS = YES_AGGRESSIVE;
				GCC_WARN_UNUSED_FUNCTION = YES;
				GCC_WARN_UNUSED_VARIABLE = YES;
				LOCALIZATION_PREFERS_STRING_CATALOGS = YES;
				MACOSX_DEPLOYMENT_TARGET = 13.5;
				MTL_ENABLE_DEBUG_INFO = NO;
				MTL_FAST_MATH = YES;
				SDKROOT = macosx;
			};
			name = Release;
		};
		584118392AE0FBE6007DC1F6 /* Debug */ = {
			isa = XCBuildConfiguration;
			buildSettings = {
				CODE_SIGN_STYLE = Automatic;
				MACOSX_DEPLOYMENT_TARGET = 10.13;
				PRODUCT_NAME = "$(TARGET_NAME)";
			};
			name = Debug;
		};
		5841183A2AE0FBE6007DC1F6 /* Release */ = {
			isa = XCBuildConfiguration;
			buildSettings = {
				CODE_SIGN_STYLE = Automatic;
				MACOSX_DEPLOYMENT_TARGET = 10.13;
				PRODUCT_NAME = "$(TARGET_NAME)";
			};
			name = Release;
		};
/* End XCBuildConfiguration section */

/* Begin XCConfigurationList section */
		5841182C2AE0FBE6007DC1F6 /* Build configuration list for PBXProject "CPP_LudashiHomework" */ = {
			isa = XCConfigurationList;
			buildConfigurations = (
				584118362AE0FBE6007DC1F6 /* Debug */,
				584118372AE0FBE6007DC1F6 /* Release */,
			);
			defaultConfigurationIsVisible = 0;
			defaultConfigurationName = Release;
		};
		584118382AE0FBE6007DC1F6 /* Build configuration list for PBXNativeTarget "CPP_LudashiHomework" */ = {
			isa = XCConfigurationList;
			buildConfigurations = (
				584118392AE0FBE6007DC1F6 /* Debug */,
				5841183A2AE0FBE6007DC1F6 /* Release */,
			);
			defaultConfigurationIsVisible = 0;
			defaultConfigurationName = Release;
		};
/* End XCConfigurationList section */
	};
	rootObject = 584118292AE0FBE6007DC1F6 /* Project object */;
}
